Microsoft Visual Studio Solution File, Format Version 10.00
# Visual Studio 2008
Project("{FAE04EC0-301F-11D3-BF4B-00C04F79EFBC}") = "BokehLab.Spreading.GUI", "BokehLab.Spreading.GUI\BokehLab.Spreading.GUI.csproj", "{D0FC2623-6099-4641-85DB-160DD61BA043}"
EndProject
Project("{FAE04EC0-301F-11D3-BF4B-00C04F79EFBC}") = "BokehLab.FloatMap", "BokehLab.FloatMap\BokehLab.FloatMap.csproj", "{A742CC09-6F5E-436F-A4F5-EB3153E00710}"
EndProject
Project("{FAE04EC0-301F-11D3-BF4B-00C04F79EFBC}") = "BokehLab.FloatMap.Util", "BokehLab.FloatMap.Util\BokehLab.FloatMap.Util.csproj", "{6E8C5313-AC04-4CDF-8D76-8A22848061A8}"
EndProject
Project("{FAE04EC0-301F-11D3-BF4B-00C04F79EFBC}") = "BokehLab.Math", "BokehLab.Math\BokehLab.Math.csproj", "{26E431BD-7267-4A7F-914E-229072AAC363}"
EndProject
Project("{FAE04EC0-301F-11D3-BF4B-00C04F79EFBC}") = "BokehLab.PSFDeltaVisualizer", "BokehLab.PSFDiffVisualizer\BokehLab.PSFDeltaVisualizer.csproj", "{66A45E6E-18B0-45C6-BC24-56D6A2D05880}"
EndProject
Project("{FAE04EC0-301F-11D3-BF4B-00C04F79EFBC}") = "BokehLab.Spreading", "BokehLab.Spreading\BokehLab.Spreading.csproj", "{8908BC20-5995-49DB-A095-C02E100F45D6}"
EndProject
Project("{FAE04EC0-301F-11D3-BF4B-00C04F79EFBC}") = "BokehLab.FloatMap.Test", "BokehLab.FloatMap.Test\BokehLab.FloatMap.Test.csproj", "{AA0F6377-61FB-4E36-9713-7D220FE9C228}"
EndProject
Project("{FAE04EC0-301F-11D3-BF4B-00C04F79EFBC}") = "BokehLab.Spreading.Test", "BokehLab.Spreading.Test\BokehLab.Spreading.Test.csproj", "{578C626F-9977-40B4-A943-D6B2D43D1D16}"
EndProject
Project("{FAE04EC0-301F-11D3-BF4B-00C04F79EFBC}") = "BokehLab.Spreading.GLIntegration", "BokehLab.Spreading.GLIntegration\BokehLab.Spreading.GLIntegration.csproj", "{AE177153-0791-447D-A697-40C85806A45D}"
EndProject
Global
	GlobalSection(SolutionConfigurationPlatforms) = preSolution
		Debug|Any CPU = Debug|Any CPU
		Release|Any CPU = Release|Any CPU
	EndGlobalSection
	GlobalSection(ProjectConfigurationPlatforms) = postSolution
		{D0FC2623-6099-4641-85DB-160DD61BA043}.Debug|Any CPU.ActiveCfg = Debug|Any CPU
		{D0FC2623-6099-4641-85DB-160DD61BA043}.Debug|Any CPU.Build.0 = Debug|Any CPU
		{D0FC2623-6099-4641-85DB-160DD61BA043}.Release|Any CPU.ActiveCfg = Release|Any CPU
		{D0FC2623-6099-4641-85DB-160DD61BA043}.Release|Any CPU.Build.0 = Release|Any CPU
		{A742CC09-6F5E-436F-A4F5-EB3153E00710}.Debug|Any CPU.ActiveCfg = Debug|Any CPU
		{A742CC09-6F5E-436F-A4F5-EB3153E00710}.Debug|Any CPU.Build.0 = Debug|Any CPU
		{A742CC09-6F5E-436F-A4F5-EB3153E00710}.Release|Any CPU.ActiveCfg = Release|Any CPU
		{A742CC09-6F5E-436F-A4F5-EB3153E00710}.Release|Any CPU.Build.0 = Release|Any CPU
		{6E8C5313-AC04-4CDF-8D76-8A22848061A8}.Debug|Any CPU.ActiveCfg = Debug|Any CPU
		{6E8C5313-AC04-4CDF-8D76-8A22848061A8}.Debug|Any CPU.Build.0 = Debug|Any CPU
		{6E8C5313-AC04-4CDF-8D76-8A22848061A8}.Release|Any CPU.ActiveCfg = Release|Any CPU
		{6E8C5313-AC04-4CDF-8D76-8A22848061A8}.Release|Any CPU.Build.0 = Release|Any CPU
		{26E431BD-7267-4A7F-914E-229072AAC363}.Debug|Any CPU.ActiveCfg = Debug|Any CPU
		{26E431BD-7267-4A7F-914E-229072AAC363}.Debug|Any CPU.Build.0 = Debug|Any CPU
		{26E431BD-7267-4A7F-914E-229072AAC363}.Release|Any CPU.ActiveCfg = Release|Any CPU
		{26E431BD-7267-4A7F-914E-229072AAC363}.Release|Any CPU.Build.0 = Release|Any CPU
		{66A45E6E-18B0-45C6-BC24-56D6A2D05880}.Debug|Any CPU.ActiveCfg = Debug|Any CPU
		{66A45E6E-18B0-45C6-BC24-56D6A2D05880}.Debug|Any CPU.Build.0 = Debug|Any CPU
		{66A45E6E-18B0-45C6-BC24-56D6A2D05880}.Release|Any CPU.ActiveCfg = Release|Any CPU
		{66A45E6E-18B0-45C6-BC24-56D6A2D05880}.Release|Any CPU.Build.0 = Release|Any CPU
		{8908BC20-5995-49DB-A095-C02E100F45D6}.Debug|Any CPU.ActiveCfg = Debug|Any CPU
		{8908BC20-5995-49DB-A095-C02E100F45D6}.Debug|Any CPU.Build.0 = Debug|Any CPU
		{8908BC20-5995-49DB-A095-C02E100F45D6}.Release|Any CPU.ActiveCfg = Release|Any CPU
		{8908BC20-5995-49DB-A095-C02E100F45D6}.Release|Any CPU.Build.0 = Release|Any CPU
		{AA0F6377-61FB-4E36-9713-7D220FE9C228}.Debug|Any CPU.ActiveCfg = Debug|Any CPU
		{AA0F6377-61FB-4E36-9713-7D220FE9C228}.Debug|Any CPU.Build.0 = Debug|Any CPU
		{AA0F6377-61FB-4E36-9713-7D220FE9C228}.Release|Any CPU.ActiveCfg = Release|Any CPU
		{AA0F6377-61FB-4E36-9713-7D220FE9C228}.Release|Any CPU.Build.0 = Release|Any CPU
		{578C626F-9977-40B4-A943-D6B2D43D1D16}.Debug|Any CPU.ActiveCfg = Debug|Any CPU
		{578C626F-9977-40B4-A943-D6B2D43D1D16}.Debug|Any CPU.Build.0 = Debug|Any CPU
		{578C626F-9977-40B4-A943-D6B2D43D1D16}.Release|Any CPU.ActiveCfg = Release|Any CPU
		{578C626F-9977-40B4-A943-D6B2D43D1D16}.Release|Any CPU.Build.0 = Release|Any CPU
		{AE177153-0791-447D-A697-40C85806A45D}.Debug|Any CPU.ActiveCfg = Debug|Any CPU
		{AE177153-0791-447D-A697-40C85806A45D}.Debug|Any CPU.Build.0 = Debug|Any CPU
		{AE177153-0791-447D-A697-40C85806A45D}.Release|Any CPU.ActiveCfg = Release|Any CPU
		{AE177153-0791-447D-A697-40C85806A45D}.Release|Any CPU.Build.0 = Release|Any CPU
	EndGlobalSection
	GlobalSection(SolutionProperties) = preSolution
		HideSolutionNode = FALSE
	EndGlobalSection
EndGlobal
